// !$*UTF8*$!
{
	archiveVersion = 1;
	classes = {
	};
	objectVersion = 46;
	objects = {

/* Begin PBXBuildFile section */
		170E002719BF5D22001B9E70 /* AppDelegate.swift in Sources */ = {isa = PBXBuildFile; fileRef = 170E002619BF5D22001B9E70 /* AppDelegate.swift */; };
		170E002919BF5D22001B9E70 /* ViewController.swift in Sources */ = {isa = PBXBuildFile; fileRef = 170E002819BF5D22001B9E70 /* ViewController.swift */; };
		170E002C19BF5D22001B9E70 /* Main.storyboard in Resources */ = {isa = PBXBuildFile; fileRef = 170E002A19BF5D22001B9E70 /* Main.storyboard */; };
		170E002E19BF5D22001B9E70 /* Images.xcassets in Resources */ = {isa = PBXBuildFile; fileRef = 170E002D19BF5D22001B9E70 /* Images.xcassets */; };
		170E003A19BF5D22001B9E70 /* sportImage_lab2Tests.swift in Sources */ = {isa = PBXBuildFile; fileRef = 170E003919BF5D22001B9E70 /* sportImage_lab2Tests.swift */; };
/* End PBXBuildFile section */

/* Begin PBXContainerItemProxy section */
		170E003419BF5D22001B9E70 /* PBXContainerItemProxy */ = {
			isa = PBXContainerItemProxy;
			containerPortal = 170E001919BF5D21001B9E70 /* Project object */;
			proxyType = 1;
			remoteGlobalIDString = 170E002019BF5D21001B9E70;
			remoteInfo = sportImage_lab2;
		};
/* End PBXContainerItemProxy section */

/* Begin PBXFileReference section */
		170E002119BF5D21001B9E70 /* sportImage_lab2.app */ = {isa = PBXFileReference; explicitFileType = wrapper.application; includeInIndex = 0; path = sportImage_lab2.app; sourceTree = BUILT_PRODUCTS_DIR; };
		170E002519BF5D22001B9E70 /* Info.plist */ = {isa = PBXFileReference; lastKnownFileType = text.plist.xml; path = Info.plist; sourceTree = "<group>"; };
		170E002619BF5D22001B9E70 /* AppDelegate.swift */ = {isa = PBXFileReference; lastKnownFileType = sourcecode.swift; path = AppDelegate.swift; sourceTree = "<group>"; };
		170E002819BF5D22001B9E70 /* ViewController.swift */ = {isa = PBXFileReference; lastKnownFileType = sourcecode.swift; path = ViewController.swift; sourceTree = "<group>"; };
		170E002B19BF5D22001B9E70 /* Base */ = {isa = PBXFileReference; lastKnownFileType = file.storyboard; name = Base; path = Base.lproj/Main.storyboard; sourceTree = "<group>"; };
		170E002D19BF5D22001B9E70 /* Images.xcassets */ = {isa = PBXFileReference; lastKnownFileType = folder.assetcatalog; path = Images.xcassets; sourceTree = "<group>"; };
		170E003319BF5D22001B9E70 /* sportImage_lab2Tests.xctest */ = {isa = PBXFileReference; explicitFileType = wrapper.cfbundle; includeInIndex = 0; path = sportImage_lab2Tests.xctest; sourceTree = BUILT_PRODUCTS_DIR; };
		170E003819BF5D22001B9E70 /* Info.plist */ = {isa = PBXFileReference; lastKnownFileType = text.plist.xml; path = Info.plist; sourceTree = "<group>"; };
		170E003919BF5D22001B9E70 /* sportImage_lab2Tests.swift */ = {isa = PBXFileReference; lastKnownFileType = sourcecode.swift; path = sportImage_lab2Tests.swift; sourceTree = "<group>"; };
/* End PBXFileReference section */

/* Begin PBXFrameworksBuildPhase section */
		170E001E19BF5D21001B9E70 /* Frameworks */ = {
			isa = PBXFrameworksBuildPhase;
			buildActionMask = 2147483647;
			files = (
			);
			runOnlyForDeploymentPostprocessing = 0;
		};
		170E003019BF5D22001B9E70 /* Frameworks */ = {
			isa = PBXFrameworksBuildPhase;
			buildActionMask = 2147483647;
			files = (
			);
			runOnlyForDeploymentPostprocessing = 0;
		};
/* End PBXFrameworksBuildPhase section */

/* Begin PBXGroup section */
		170E001819BF5D21001B9E70 = {
			isa = PBXGroup;
			children = (
				170E002319BF5D21001B9E70 /* sportImage_lab2 */,
				170E003619BF5D22001B9E70 /* sportImage_lab2Tests */,
				170E002219BF5D21001B9E70 /* Products */,
			);
			sourceTree = "<group>";
		};
		170E002219BF5D21001B9E70 /* Products */ = {
			isa = PBXGroup;
			children = (
				170E002119BF5D21001B9E70 /* sportImage_lab2.app */,
				170E003319BF5D22001B9E70 /* sportImage_lab2Tests.xctest */,
			);
			name = Products;
			sourceTree = "<group>";
		};
		170E002319BF5D21001B9E70 /* sportImage_lab2 */ = {
			isa = PBXGroup;
			children = (
				170E002619BF5D22001B9E70 /* AppDelegate.swift */,
				170E002819BF5D22001B9E70 /* ViewController.swift */,
				170E002A19BF5D22001B9E70 /* Main.storyboard */,
				170E002D19BF5D22001B9E70 /* Images.xcassets */,
				170E002419BF5D22001B9E70 /* Supporting Files */,
			);
			path = sportImage_lab2;
			sourceTree = "<group>";
		};
		170E002419BF5D22001B9E70 /* Supporting Files */ = {
			isa = PBXGroup;
			children = (
				170E002519BF5D22001B9E70 /* Info.plist */,
			);
			name = "Supporting Files";
			sourceTree = "<group>";
		};
		170E003619BF5D22001B9E70 /* sportImage_lab2Tests */ = {
			isa = PBXGroup;
			children = (
				170E003919BF5D22001B9E70 /* sportImage_lab2Tests.swift */,
				170E003719BF5D22001B9E70 /* Supporting Files */,
			);
			path = sportImage_lab2Tests;
			sourceTree = "<group>";
		};
		170E003719BF5D22001B9E70 /* Supporting Files */ = {
			isa = PBXGroup;
			children = (
				170E003819BF5D22001B9E70 /* Info.plist */,
			);
			name = "Supporting Files";
			sourceTree = "<group>";
		};
/* End PBXGroup section */

/* Begin PBXNativeTarget section */
		170E002019BF5D21001B9E70 /* sportImage_lab2 */ = {
			isa = PBXNativeTarget;
			buildConfigurationList = 170E003D19BF5D22001B9E70 /* Build configuration list for PBXNativeTarget "sportImage_lab2" */;
			buildPhases = (
				170E001D19BF5D21001B9E70 /* Sources */,
				170E001E19BF5D21001B9E70 /* Frameworks */,
				170E001F19BF5D21001B9E70 /* Resources */,
			);
			buildRules = (
			);
			dependencies = (
			);
			name = sportImage_lab2;
			productName = sportImage_lab2;
			productReference = 170E002119BF5D21001B9E70 /* sportImage_lab2.app */;
			productType = "com.apple.product-type.application";
		};
		170E003219BF5D22001B9E70 /* sportImage_lab2Tests */ = {
			isa = PBXNativeTarget;
			buildConfigurationList = 170E004019BF5D22001B9E70 /* Build configuration list for PBXNativeTarget "sportImage_lab2Tests" */;
			buildPhases = (
				170E002F19BF5D22001B9E70 /* Sources */,
				170E003019BF5D22001B9E70 /* Frameworks */,
				170E003119BF5D22001B9E70 /* Resources */,
			);
			buildRules = (
			);
			dependencies = (
				170E003519BF5D22001B9E70 /* PBXTargetDependency */,
			);
			name = sportImage_lab2Tests;
			productName = sportImage_lab2Tests;
			productReference = 170E003319BF5D22001B9E70 /* sportImage_lab2Tests.xctest */;
			productType = "com.apple.product-type.bundle.unit-test";
		};
/* End PBXNativeTarget section */

/* Begin PBXProject section */
		170E001919BF5D21001B9E70 /* Project object */ = {
			isa = PBXProject;
			attributes = {
				LastUpgradeCheck = 0600;
				ORGANIZATIONNAME = "Will Dow";
				TargetAttributes = {
					170E002019BF5D21001B9E70 = {
						CreatedOnToolsVersion = 6.0;
					};
					170E003219BF5D22001B9E70 = {
						CreatedOnToolsVersion = 6.0;
						TestTargetID = 170E002019BF5D21001B9E70;
					};
				};
			};
			buildConfigurationList = 170E001C19BF5D21001B9E70 /* Build configuration list for PBXProject "sportImage_lab2" */;
			compatibilityVersion = "Xcode 3.2";
			developmentRegion = English;
			hasScannedForEncodings = 0;
			knownRegions = (
				en,
				Base,
			);
			mainGroup = 170E001819BF5D21001B9E70;
			productRefGroup = 170E002219BF5D21001B9E70 /* Products */;
			projectDirPath = "";
			projectRoot = "";
			targets = (
				170E002019BF5D21001B9E70 /* sportImage_lab2 */,
				170E003219BF5D22001B9E70 /* sportImage_lab2Tests */,
			);
		};
/* End PBXProject section */

/* Begin PBXResourcesBuildPhase section */
		170E001F19BF5D21001B9E70 /* Resources */ = {
			isa = PBXResourcesBuildPhase;
			buildActionMask = 2147483647;
			files = (
				170E002C19BF5D22001B9E70 /* Main.storyboard in Resources */,
				170E002E19BF5D22001B9E70 /* Images.xcassets in Resources */,
			);
			runOnlyForDeploymentPostprocessing = 0;
		};
		170E003119BF5D22001B9E70 /* Resources */ = {
			isa = PBXResourcesBuildPhase;
			buildActionMask = 2147483647;
			files = (
			);
			runOnlyForDeploymentPostprocessing = 0;
		};
/* End PBXResourcesBuildPhase section */

/* Begin PBXSourcesBuildPhase section */
		170E001D19BF5D21001B9E70 /* Sources */ = {
			isa = PBXSourcesBuildPhase;
			buildActionMask = 2147483647;
			files = (
				170E002919BF5D22001B9E70 /* ViewController.swift in Sources */,
				170E002719BF5D22001B9E70 /* AppDelegate.swift in Sources */,
			);
			runOnlyForDeploymentPostprocessing = 0;
		};
		170E002F19BF5D22001B9E70 /* Sources */ = {
			isa = PBXSourcesBuildPhase;
			buildActionMask = 2147483647;
			files = (
				170E003A19BF5D22001B9E70 /* sportImage_lab2Tests.swift in Sources */,
			);
			runOnlyForDeploymentPostprocessing = 0;
		};
/* End PBXSourcesBuildPhase section */

/* Begin PBXTargetDependency section */
		170E003519BF5D22001B9E70 /* PBXTargetDependency */ = {
			isa = PBXTargetDependency;
			target = 170E002019BF5D21001B9E70 /* sportImage_lab2 */;
			targetProxy = 170E003419BF5D22001B9E70 /* PBXContainerItemProxy */;
		};
/* End PBXTargetDependency section */

/* Begin PBXVariantGroup section */
		170E002A19BF5D22001B9E70 /* Main.storyboard */ = {
			isa = PBXVariantGroup;
			children = (
				170E002B19BF5D22001B9E70 /* Base */,
			);
			name = Main.storyboard;
			sourceTree = "<group>";
		};
/* End PBXVariantGroup section */

/* Begin XCBuildConfiguration section */
		170E003B19BF5D22001B9E70 /* Debug */ = {
			isa = XCBuildConfiguration;
			buildSettings = {
				ALWAYS_SEARCH_USER_PATHS = NO;
				CLANG_CXX_LANGUAGE_STANDARD = "gnu++0x";
				CLANG_CXX_LIBRARY = "libc++";
				CLANG_ENABLE_MODULES = YES;
				CLANG_ENABLE_OBJC_ARC = YES;
				CLANG_WARN_BOOL_CONVERSION = YES;
				CLANG_WARN_CONSTANT_CONVERSION = YES;
				CLANG_WARN_DIRECT_OBJC_ISA_USAGE = YES_ERROR;
				CLANG_WARN_EMPTY_BODY = YES;
				CLANG_WARN_ENUM_CONVERSION = YES;
				CLANG_WARN_INT_CONVERSION = YES;
				CLANG_WARN_OBJC_ROOT_CLASS = YES_ERROR;
				CLANG_WARN_UNREACHABLE_CODE = YES;
				CLANG_WARN__DUPLICATE_METHOD_MATCH = YES;
				"CODE_SIGN_IDENTITY[sdk=iphoneos*]" = "iPhone Developer";
				COPY_PHASE_STRIP = NO;
				ENABLE_STRICT_OBJC_MSGSEND = YES;
				GCC_C_LANGUAGE_STANDARD = gnu99;
				GCC_DYNAMIC_NO_PIC = NO;
				GCC_OPTIMIZATION_LEVEL = 0;
				GCC_PREPROCESSOR_DEFINITIONS = (
					"DEBUG=1",
					"$(inherited)",
				);
				GCC_SYMBOLS_PRIVATE_EXTERN = NO;
				GCC_WARN_64_TO_32_BIT_CONVERSION = YES;
				GCC_WARN_ABOUT_RETURN_TYPE = YES_ERROR;
				GCC_WARN_UNDECLARED_SELECTOR = YES;
				GCC_WARN_UNINITIALIZED_AUTOS = YES_AGGRESSIVE;
				GCC_WARN_UNUSED_FUNCTION = YES;
				GCC_WARN_UNUSED_VARIABLE = YES;
				IPHONEOS_DEPLOYMENT_TARGET = 8.0;
				MTL_ENABLE_DEBUG_INFO = YES;
				ONLY_ACTIVE_ARCH = YES;
				SDKROOT = iphoneos;
				SWIFT_OPTIMIZATION_LEVEL = "-Onone";
				TARGETED_DEVICE_FAMILY = 2;
			};
			name = Debug;
		};
		170E003C19BF5D22001B9E70 /* Release */ = {
			isa = XCBuildConfiguration;
			buildSettings = {
				ALWAYS_SEARCH_USER_PATHS = NO;
				CLANG_CXX_LANGUAGE_STANDARD = "gnu++0x";
				CLANG_CXX_LIBRARY = "libc++";
				CLANG_ENABLE_MODULES = YES;
				CLANG_ENABLE_OBJC_ARC = YES;
				CLANG_WARN_BOOL_CONVERSION = YES;
				CLANG_WARN_CONSTANT_CONVERSION = YES;
				CLANG_WARN_DIRECT_OBJC_ISA_USAGE = YES_ERROR;
				CLANG_WARN_EMPTY_BODY = YES;
				CLANG_WARN_ENUM_CONVERSION = YES;
				CLANG_WARN_INT_CONVERSION = YES;
				CLANG_WARN_OBJC_ROOT_CLASS = YES_ERROR;
				CLANG_WARN_UNREACHABLE_CODE = YES;
				CLANG_WARN__DUPLICATE_METHOD_MATCH = YES;
				"CODE_SIGN_IDENTITY[sdk=iphoneos*]" = "iPhone Developer";
				COPY_PHASE_STRIP = YES;
				ENABLE_NS_ASSERTIONS = NO;
				ENABLE_STRICT_OBJC_MSGSEND = YES;
				GCC_C_LANGUAGE_STANDARD = gnu99;
				GCC_WARN_64_TO_32_BIT_CONVERSION = YES;
				GCC_WARN_ABOUT_RETURN_TYPE = YES_ERROR;
				GCC_WARN_UNDECLARED_SELECTOR = YES;
				GCC_WARN_UNINITIALIZED_AUTOS = YES_AGGRESSIVE;
				GCC_WARN_UNUSED_FUNCTION = YES;
				GCC_WARN_UNUSED_VARIABLE = YES;
				IPHONEOS_DEPLOYMENT_TARGET = 8.0;
				MTL_ENABLE_DEBUG_INFO = NO;
				SDKROOT = iphoneos;
				TARGETED_DEVICE_FAMILY = 2;
				VALIDATE_PRODUCT = YES;
			};
			name = Release;
		};
		170E003E19BF5D22001B9E70 /* Debug */ = {
			isa = XCBuildConfiguration;
			buildSettings = {
				ASSETCATALOG_COMPILER_APPICON_NAME = AppIcon;
				ASSETCATALOG_COMPILER_LAUNCHIMAGE_NAME = LaunchImage;
				INFOPLIST_FILE = sportImage_lab2/Info.plist;
				LD_RUNPATH_SEARCH_PATHS = "$(inherited) @executable_path/Frameworks";
				PRODUCT_NAME = "$(TARGET_NAME)";
			};
			name = Debug;
		};
		170E003F19BF5D22001B9E70 /* Release */ = {
			isa = XCBuildConfiguration;
			buildSettings = {
				ASSETCATALOG_COMPILER_APPICON_NAME = AppIcon;
				ASSETCATALOG_COMPILER_LAUNCHIMAGE_NAME = LaunchImage;
				INFOPLIST_FILE = sportImage_lab2/Info.plist;
				LD_RUNPATH_SEARCH_PATHS = "$(inherited) @executable_path/Frameworks";
				PRODUCT_NAME = "$(TARGET_NAME)";
			};
			name = Release;
		};
		170E004119BF5D22001B9E70 /* Debug */ = {
			isa = XCBuildConfiguration;
			buildSettings = {
				BUNDLE_LOADER = "$(TEST_HOST)";
				FRAMEWORK_SEARCH_PATHS = (
					"$(SDKROOT)/Developer/Library/Frameworks",
					"$(inherited)",
				);
				GCC_PREPROCESSOR_DEFINITIONS = (
					"DEBUG=1",
					"$(inherited)",
				);
				INFOPLIST_FILE = sportImage_lab2Tests/Info.plist;
				LD_RUNPATH_SEARCH_PATHS = "$(inherited) @executable_path/Frameworks @loader_path/Frameworks";
				PRODUCT_NAME = "$(TARGET_NAME)";
				TEST_HOST = "$(BUILT_PRODUCTS_DIR)/sportImage_lab2.app/sportImage_lab2";
			};
			name = Debug;
		};
		170E004219BF5D22001B9E70 /* Release */ = {
			isa = XCBuildConfiguration;
			buildSettings = {
				BUNDLE_LOADER = "$(TEST_HOST)";
				FRAMEWORK_SEARCH_PATHS = (
					"$(SDKROOT)/Developer/Library/Frameworks",
					"$(inherited)",
				);
				INFOPLIST_FILE = sportImage_lab2Tests/Info.plist;
				LD_RUNPATH_SEARCH_PATHS = "$(inherited) @executable_path/Frameworks @loader_path/Frameworks";
				PRODUCT_NAME = "$(TARGET_NAME)";
				TEST_HOST = "$(BUILT_PRODUCTS_DIR)/sportImage_lab2.app/sportImage_lab2";
			};
			name = Release;
		};
/* End XCBuildConfiguration section */

/* Begin XCConfigurationList section */
		170E001C19BF5D21001B9E70 /* Build configuration list for PBXProject "sportImage_lab2" */ = {
			isa = XCConfigurationList;
			buildConfigurations = (
				170E003B19BF5D22001B9E70 /* Debug */,
				170E003C19BF5D22001B9E70 /* Release */,
			);
			defaultConfigurationIsVisible = 0;
			defaultConfigurationName = Release;
		};
		170E003D19BF5D22001B9E70 /* Build configuration list for PBXNativeTarget "sportImage_lab2" */ = {
			isa = XCConfigurationList;
			buildConfigurations = (
				170E003E19BF5D22001B9E70 /* Debug */,
				170E003F19BF5D22001B9E70 /* Release */,
			);
			defaultConfigurationIsVisible = 0;
		};
		170E004019BF5D22001B9E70 /* Build configuration list for PBXNativeTarget "sportImage_lab2Tests" */ = {
			isa = XCConfigurationList;
			buildConfigurations = (
				170E004119BF5D22001B9E70 /* Debug */,
				170E004219BF5D22001B9E70 /* Release */,
			);
			defaultConfigurationIsVisible = 0;
		};
/* End XCConfigurationList section */
	};
	rootObject = 170E001919BF5D21001B9E70 /* Project object */;
}
